{
  "version": "3",
  "redirects": {
    "https://esm.sh/v128/@types/react@~18.2/index.d.ts": "https://esm.sh/v128/@types/react@18.2.21/index.d.ts",
    "https://esm.sh/v128/@types/react@~18.2/jsx-runtime~.d.ts": "https://esm.sh/v128/@types/react@18.2.21/jsx-runtime~.d.ts",
    "https://esm.sh/v132/@types/lodash@4.14.198/index": "https://esm.sh/v132/@types/lodash@4.14.198/index~.d.ts",
    "https://esm.sh/v132/@types/react-dom@~18.2/client~.d.ts": "https://esm.sh/v132/@types/react-dom@18.2.7/client~.d.ts"
  },
  "remote": {
    "https://deno.land/std@0.180.0/async/abortable.ts": "73acfb3ed7261ce0d930dbe89e43db8d34e017b063cf0eaa7d215477bf53442e",
    "https://deno.land/std@0.180.0/async/deadline.ts": "c5facb0b404eede83e38bd2717ea8ab34faa2ffb20ef87fd261fcba32ba307aa",
    "https://deno.land/std@0.180.0/async/debounce.ts": "adab11d04ca38d699444ac8a9d9856b4155e8dda2afd07ce78276c01ea5a4332",
    "https://deno.land/std@0.180.0/async/deferred.ts": "42790112f36a75a57db4a96d33974a936deb7b04d25c6084a9fa8a49f135def8",
    "https://deno.land/std@0.180.0/async/delay.ts": "73aa04cec034c84fc748c7be49bb15cac3dd43a57174bfdb7a4aec22c248f0dd",
    "https://deno.land/std@0.180.0/async/mod.ts": "f04344fa21738e5ad6bea37a6bfffd57c617c2d372bb9f9dcfd118a1b622e576",
    "https://deno.land/std@0.180.0/async/mux_async_iterator.ts": "70c7f2ee4e9466161350473ad61cac0b9f115cff4c552eaa7ef9d50c4cbb4cc9",
    "https://deno.land/std@0.180.0/async/pool.ts": "fd082bd4aaf26445909889435a5c74334c017847842ec035739b4ae637ae8260",
    "https://deno.land/std@0.180.0/async/retry.ts": "5efa3ba450ac0c07a40a82e2df296287b5013755d232049efd7ea2244f15b20f",
    "https://deno.land/std@0.180.0/async/tee.ts": "47e42d35f622650b02234d43803d0383a89eb4387e1b83b5a40106d18ae36757",
    "https://deno.land/std@0.180.0/http/server.ts": "cbb17b594651215ba95c01a395700684e569c165a567e4e04bba327f41197433",
    "https://deno.land/x/aleph@1.0.0-beta.44/framework/core/error.ts": "65b0dfaef2e8a77f857fdb6b953c4306d88af01690615bd8fb1a3570e336b255",
    "https://deno.land/x/aleph@1.0.0-beta.44/framework/core/events.ts": "d1d3d6a41a85bcaba8b624646c199736f5995108e3ac87d159e78832ea51efbd",
    "https://deno.land/x/aleph@1.0.0-beta.44/framework/core/redirect.ts": "b65f0cafdca115b41e6e1499e420655ea55d1f3c140e0784d640de59e3606185",
    "https://deno.land/x/aleph@1.0.0-beta.44/framework/core/router.ts": "cb5c1f3ed0d25578d4ec26491e5554992af5b7765ee5852a390b3785085f52d0",
    "https://deno.land/x/aleph@1.0.0-beta.44/framework/core/url_pattern.ts": "d218c6fe81646adb0dc164b7515a4eff959f4b64b975bfc2ee7696cb0864a3a3",
    "https://deno.land/x/aleph@1.0.0-beta.44/framework/react/client.ts": "f4ca7bc5b6f18faa4faae864cbd1b27cc000474f830d3066fe0f38e7823c5e92",
    "https://deno.land/x/aleph@1.0.0-beta.44/framework/react/context.ts": "ca3efebc3f1db76725969d8178e405e635c2825665b9b8573133c4ed63f3e2a4",
    "https://deno.land/x/aleph@1.0.0-beta.44/framework/react/data.ts": "4987ca0fc9fae3cbb61982c9136f2658173bd7971f7dcbc7e881a4b62d71e701",
    "https://deno.land/x/aleph@1.0.0-beta.44/framework/react/error.ts": "b5c784b1a3fac7d550b82780dd5ba4ff8d64a1293559ec7ec702e2905a4915a2",
    "https://deno.land/x/aleph@1.0.0-beta.44/framework/react/head.ts": "0bb40ded9a5e83371c6d43f6e3ecb6b506ce9b2eb9e2b13d6a4a86f62f269efa",
    "https://deno.land/x/aleph@1.0.0-beta.44/framework/react/link.ts": "d31aaff82526fb760b46e17212e07632398660a38d18fd82dec97baf533e709e",
    "https://deno.land/x/aleph@1.0.0-beta.44/framework/react/mod.ts": "8ae50b9efe8c0c6e9e4e076e3c5bd428c4c1e6645ff4c57e35935abdfa2266f4",
    "https://deno.land/x/aleph@1.0.0-beta.44/framework/react/portal.ts": "57bffcf10ad1d1badc5ece9a1859ecbe2d22c4ddc86519d3e2e067c114ec436f",
    "https://deno.land/x/aleph@1.0.0-beta.44/framework/react/router.ts": "52c7cfb8020fafb3ce7c0855c76243870b8ce21d609ee7007e2a95ca32f0d859",
    "https://deno.land/x/aleph@1.0.0-beta.44/server/types.ts": "0d64e8aaa533e2d77b50d9c54def6ba0d995c10025574e681bc03482881c3e61",
    "https://deno.land/x/aleph@1.0.0-beta.44/shared/util.ts": "05b9c60ccb2216150f049615d185cc4a0bdd54829820a5ddc6f82641b4d4ff4f",
    "https://deno.land/x/aleph@1.0.0-beta.44/version.ts": "c735281d072759e60019fba2cb923e860e496c76998e9131ac4c8b5ea2694fd8",
    "https://esm.sh/@chakra-ui/react@2.8.1": "ad30f303b4a9cbe6c501429c875d2b4878ced3f2a05298714e7409f0452f9780",
    "https://esm.sh/stable/react@18.2.0/denonext/jsx-runtime.js": "54d8a51c6ca025380abd2d5302e4a9b38ff835d9759c4657e52314f587eaf6bf",
    "https://esm.sh/stable/react@18.2.0/denonext/react.mjs": "3c4f23bcfc53b256fcfaf6f834fa9f584c3bb7be667b2682c6cb6ba8ef88f8e6",
    "https://esm.sh/v126/mitt@3.0.0": "41ca510c85d0aaee3ab7c09273a4f394afff976a14398c1611037b82c24e0a21",
    "https://esm.sh/v126/mitt@3.0.0/denonext/mitt.mjs": "4afe21572fb471e15f6a9b7f139bcd12fdbc2e730e0f3e15eadb7d19e18a12f8",
    "https://esm.sh/v132/@babel/runtime@7.22.15/denonext/helpers/esm/defineProperty.js": "ee05fc884f6f007e67212b6fd766ff70005b2cc99b77aaaf1242135ed587ded2",
    "https://esm.sh/v132/@babel/runtime@7.22.15/denonext/helpers/esm/extends.js": "7ab1c7f09568494b231fa7460efca7811a4104b24f03a97029ea91568b7628cd",
    "https://esm.sh/v132/@babel/runtime@7.22.15/denonext/helpers/esm/inheritsLoose.js": "425c260bcdbdcfeab917fef0da4579ff0c5659c1b2ef45a7eedc754484a7c247",
    "https://esm.sh/v132/@babel/runtime@7.22.15/denonext/helpers/esm/objectWithoutPropertiesLoose.js": "456c2fec83ac76783c698a42f13b1000fff01fe1215f8e30fc83abfa9d81ce3d",
    "https://esm.sh/v132/@babel/runtime@7.22.15/denonext/helpers/extends.js": "72dbcfce1d0bed021492e2df8d718ce791e15fbcc075f2c02122946e8cb9e2a7",
    "https://esm.sh/v132/@chakra-ui/accordion@2.3.1/denonext/accordion.mjs": "ae2521a2585d0c67076cadd99abe8ff8a565d618ae3c04a9a8e1da4c6dd6d791",
    "https://esm.sh/v132/@chakra-ui/alert@2.2.1/denonext/alert.mjs": "627b878113d0a67ae42aec63e2046f3b36a0b531cd15119a025bfce57211f26a",
    "https://esm.sh/v132/@chakra-ui/anatomy@2.2.0/denonext/anatomy.mjs": "aa6734171815675b69f2a15bf225322e1285c5afa2e19df22a19d1db6cf2da70",
    "https://esm.sh/v132/@chakra-ui/anatomy@2.2.1/denonext/anatomy.mjs": "0f22f57cf280ab8de5970d53bff2385e23ac548d7f7d7b294dc7f0fdf86e74e6",
    "https://esm.sh/v132/@chakra-ui/avatar@2.3.0/denonext/avatar.mjs": "f9695377df2d31d43484c6d3034d7a2cd5eeddf31f80df4de93a6af539815d39",
    "https://esm.sh/v132/@chakra-ui/breadcrumb@2.2.0/denonext/breadcrumb.mjs": "c26927ca3dd38eb884984fcbe7eff7d74b05e5a3af56f48d98d11e9b498e6fcc",
    "https://esm.sh/v132/@chakra-ui/breakpoint-utils@2.0.8/denonext/breakpoint-utils.mjs": "0f42ee83dec6107ed31908ec0c462ffaa951c53a46d9224cc0c1fcf30d6a728a",
    "https://esm.sh/v132/@chakra-ui/button@2.1.0/denonext/button.mjs": "84614bddd37849727b9d22e7d23c8a876955d5998d2f863b878dbfee66cd5a69",
    "https://esm.sh/v132/@chakra-ui/card@2.2.0/denonext/card.mjs": "794ae3a7c6a9c1f989052c7851073d9df2f234f102580f54ea91b0132b62ec7f",
    "https://esm.sh/v132/@chakra-ui/checkbox@2.3.1/denonext/checkbox.mjs": "77b65e26ccacb2d2941cde7525b806c61486fdefdd529140774bf2fb774addcf",
    "https://esm.sh/v132/@chakra-ui/clickable@2.1.0/denonext/clickable.mjs": "d470f4bf75d68bf98a2db3e3e4399e9f1965e4bda734ade8ca7362dea89b14b8",
    "https://esm.sh/v132/@chakra-ui/close-button@2.1.1/denonext/close-button.mjs": "3da2a4f6fd6f58a305f72d67856d83017dccf82bdba08b4623badb802a23ef87",
    "https://esm.sh/v132/@chakra-ui/color-mode@2.2.0/denonext/color-mode.mjs": "f68bfc7f84cddfa31859b0bed1865c5652f0070c647f9a8d1197ccd1d899122d",
    "https://esm.sh/v132/@chakra-ui/control-box@2.1.0/denonext/control-box.mjs": "54910573e92a0b0d501d9017bf9848d8be5feab0d3b60daf24321b712553dddc",
    "https://esm.sh/v132/@chakra-ui/counter@2.1.0/denonext/counter.mjs": "7c2b3776d18c63f231a4d98507337b30d2e8496db314097947555fbd5bd0599b",
    "https://esm.sh/v132/@chakra-ui/css-reset@2.3.0/denonext/css-reset.mjs": "f529286c2ad2ebd7f186e6440a36f413af80553b87447e26b4a768a3c602f551",
    "https://esm.sh/v132/@chakra-ui/descendant@3.1.0/denonext/descendant.mjs": "f37107b1e57bff2d9d29380d14490401ce11eb3ed50909e2fbe7a060fca72168",
    "https://esm.sh/v132/@chakra-ui/dom-utils@2.1.0/denonext/dom-utils.mjs": "c37fcb69db030c80a2fd872c9bdeae690f809a0ac242f83875c19fed7f43b6fc",
    "https://esm.sh/v132/@chakra-ui/editable@3.1.0/denonext/editable.mjs": "db9dada3397c8df33635b75080afb0818084f43ce1f2e273432fc0e960fcfffb",
    "https://esm.sh/v132/@chakra-ui/event-utils@2.0.8/denonext/event-utils.mjs": "1a78dec431806849109fce6ada97c668fc0c93eab9c7dac91140abcc06a564cf",
    "https://esm.sh/v132/@chakra-ui/focus-lock@2.1.0/denonext/focus-lock.mjs": "a867ec7a6266396f3d25bc03edf3d9b7b4692cac3214e0b3bd0528dd13f45a56",
    "https://esm.sh/v132/@chakra-ui/form-control@2.1.1/denonext/form-control.mjs": "512fb6ad38bf9e2f823105f9d2d14820c1aa99c53ef25aaa73d69c140fd6a595",
    "https://esm.sh/v132/@chakra-ui/hooks@2.2.1/denonext/hooks.mjs": "b6c881e7f391166668d6ad374a9b1ec4ed3ce43f21f1369c76148df459ae1a3b",
    "https://esm.sh/v132/@chakra-ui/icon@3.2.0/denonext/icon.mjs": "952c4e2c2142644565d4b37e1549b7c8f59c176d5af546f6968d09e4d2b8e2ea",
    "https://esm.sh/v132/@chakra-ui/image@2.1.0/denonext/image.mjs": "539bf5e1d48520626767a34bd3c932b437741930ef1d747cbfb4c3de3c97e789",
    "https://esm.sh/v132/@chakra-ui/input@2.1.1/denonext/input.mjs": "389cadf6071a70e7b4d61e982737683b53025ce5331f3d83450e570052a1f261",
    "https://esm.sh/v132/@chakra-ui/layout@2.3.1/denonext/layout.mjs": "a8ad69875d74d75c986485149ddfe7def881398ad592b35a14e2d2a6d276e93c",
    "https://esm.sh/v132/@chakra-ui/lazy-utils@2.0.5/denonext/lazy-utils.mjs": "9ea4107f71a20510977cfa8a075da0f2b5d0795e9ee95bf4bf62b8e73fea8759",
    "https://esm.sh/v132/@chakra-ui/media-query@3.3.0/denonext/media-query.mjs": "f5b358c59a2ed73cd384740ec079fe3254ef4d3dc56be6d21d180e005299980d",
    "https://esm.sh/v132/@chakra-ui/menu@2.2.1/denonext/menu.mjs": "f112969f6d1f850aad05a35df8302f94f8460f03dfde249db67e5e90aa37bb48",
    "https://esm.sh/v132/@chakra-ui/modal@2.3.1/denonext/modal.mjs": "3dd833a3cda53d3b59ccad1cac297308687f989d1130913e7ef6dba64f76cd3d",
    "https://esm.sh/v132/@chakra-ui/number-input@2.1.1/denonext/number-input.mjs": "451082228d3d533fc78b2b9c0afe278da1af2eb094936afd89051041cd95323b",
    "https://esm.sh/v132/@chakra-ui/number-utils@2.0.7/denonext/number-utils.mjs": "8bf91e84abeb3b4b992f911d4dd975e8728d9ebf2a6e08270580dad1cb5337c6",
    "https://esm.sh/v132/@chakra-ui/object-utils@2.1.0/denonext/object-utils.mjs": "e6e8215a648df9c3ac29447dd44c78441c862c274113b060e50b33ddb9c0fea9",
    "https://esm.sh/v132/@chakra-ui/pin-input@2.1.0/denonext/pin-input.mjs": "98794e4f731e16c0bf7165957d6dbfce0f704dfdf90b82c752f5200b567cabb8",
    "https://esm.sh/v132/@chakra-ui/popover@2.2.1/denonext/popover.mjs": "f472d7857ec76ab836b05ab0a61aeddddac72fc1929204c3715f9e3c022ebec0",
    "https://esm.sh/v132/@chakra-ui/popper@3.1.0/denonext/popper.mjs": "a3afa9c2f121c381e083acccb6f8c3f34f984bb6759b26532a9f0181d41d1111",
    "https://esm.sh/v132/@chakra-ui/portal@2.1.0/denonext/portal.mjs": "d8af78157fcbedc5b3abf80404c3c1ca70ca02f4176e0519f3071cbb4aa7eb6f",
    "https://esm.sh/v132/@chakra-ui/progress@2.2.0/denonext/progress.mjs": "d7528fe6829b39f7b0b2feeff176af9d6f8fcbab5a35b3ecf152b1f444619cbb",
    "https://esm.sh/v132/@chakra-ui/provider@2.4.1/denonext/provider.mjs": "953b8917054003950284a4e3a00e2ccad7600e6a05047c2bf6e41bae3626fb89",
    "https://esm.sh/v132/@chakra-ui/radio@2.1.1/denonext/radio.mjs": "00163ffdea42aebac2311f27a736cc45f5f05a76812bede0e51c1264128a22c6",
    "https://esm.sh/v132/@chakra-ui/react-children-utils@2.0.6/denonext/react-children-utils.mjs": "f9ab5495adcef9b210de2e119186cdb6b7f4c9fb28cd90454b2d45388c1a3e38",
    "https://esm.sh/v132/@chakra-ui/react-context@2.1.0/denonext/react-context.mjs": "7e491c4348b436dbe782c67fcbd47937ce211803d0801393d03c3009b614b2d6",
    "https://esm.sh/v132/@chakra-ui/react-env@3.1.0/denonext/react-env.mjs": "2306d863bb1e63d411b1e678a5aa660b45f09b3afde5881e3b71ef22e2b357bf",
    "https://esm.sh/v132/@chakra-ui/react-use-animation-state@2.1.0/denonext/react-use-animation-state.mjs": "3962512a75a6b9c6b6e4bc38571494279f3b75a609eb016b56d3e37754c1acbe",
    "https://esm.sh/v132/@chakra-ui/react-use-callback-ref@2.1.0/denonext/react-use-callback-ref.mjs": "0839cbe05bbca94e5c3f55a386d7f3ff1dc835df0c2bf5de269bbfb992b450e9",
    "https://esm.sh/v132/@chakra-ui/react-use-controllable-state@2.1.0/denonext/react-use-controllable-state.mjs": "74acee4d43bac78441022f63854dfddda3162cf2972b34ac3b1c659e0628c1b8",
    "https://esm.sh/v132/@chakra-ui/react-use-disclosure@2.1.0/denonext/react-use-disclosure.mjs": "8dabaaebe43f73c4dd2ea9b5ab1fb189e3f09232d512b39bc762d84fc221a07b",
    "https://esm.sh/v132/@chakra-ui/react-use-event-listener@2.1.0/denonext/react-use-event-listener.mjs": "dc18101c42b1f467223116f35936c5f3657079224c8ce3c832132f80cdd71504",
    "https://esm.sh/v132/@chakra-ui/react-use-focus-effect@2.1.0/denonext/react-use-focus-effect.mjs": "2ea7661ceb0cb0d29e29e3ce6d1b3e92fabb579dbcd7e8376009e06653a6c5c3",
    "https://esm.sh/v132/@chakra-ui/react-use-focus-on-pointer-down@2.1.0/denonext/react-use-focus-on-pointer-down.mjs": "fc5e0a57fe9bdab8194bfcc191e0459471b6a57b29d84c62203dbf5cc1bc573d",
    "https://esm.sh/v132/@chakra-ui/react-use-interval@2.1.0/denonext/react-use-interval.mjs": "a3ebb88a761a39beeac1f9c09a9efcd5d27f4a772106712356b83dde7a9b4fc2",
    "https://esm.sh/v132/@chakra-ui/react-use-latest-ref@2.1.0/denonext/react-use-latest-ref.mjs": "519d612a9fda2520d989c977ec133107f46eb4e2863be76c9c7cba490446ab7d",
    "https://esm.sh/v132/@chakra-ui/react-use-merge-refs@2.1.0/denonext/react-use-merge-refs.mjs": "d7e0ea7613237664188df81786671944036151be7af5c9679c2e74b3a7c9c497",
    "https://esm.sh/v132/@chakra-ui/react-use-outside-click@2.2.0/denonext/react-use-outside-click.mjs": "91ac54b918d57dfb8c47f879354ca4a00f7e32f9c7aca03ec187e5e50d54b4d1",
    "https://esm.sh/v132/@chakra-ui/react-use-pan-event@2.1.0/denonext/react-use-pan-event.mjs": "684a6f19ddac86028dc421025dc87f6f965da0729093472dd339b22c6a9c3a08",
    "https://esm.sh/v132/@chakra-ui/react-use-previous@2.1.0/denonext/react-use-previous.mjs": "7e6329dcac02a6dd6dd31ec502ba6c04f5e6e1f6a39a402a7c50a5db6a70f05e",
    "https://esm.sh/v132/@chakra-ui/react-use-safe-layout-effect@2.1.0/denonext/react-use-safe-layout-effect.mjs": "7b3d60baf28413ed00f770083bc75111f699cbf73ea71a28caa6f333fd77b703",
    "https://esm.sh/v132/@chakra-ui/react-use-size@2.1.0/denonext/react-use-size.mjs": "9e2ed7a9fb4f4d3f8569517b990ae38c5f982f7d6781ffeb3582112aa7bcde3d",
    "https://esm.sh/v132/@chakra-ui/react-use-timeout@2.1.0/denonext/react-use-timeout.mjs": "a1fc3903da5339d62e898d3a024bf2d63ae35bd391c71493407f959ac86ebb5c",
    "https://esm.sh/v132/@chakra-ui/react-use-update-effect@2.1.0/denonext/react-use-update-effect.mjs": "1ff2450ade316361d0652bafc15836d9ec74fa8df91d486eca21b3abee6a1ec2",
    "https://esm.sh/v132/@chakra-ui/react-utils@2.0.12/denonext/react-utils.mjs": "55b3192272101e63e35694184d859bb421bd62d54a4785edb4eeb2a0739016a7",
    "https://esm.sh/v132/@chakra-ui/react@2.8.1/denonext/react.mjs": "4ae2ba65f1a5126ca4cb1bd86a47628b869b730dd1ddd86aacc8f10cf29ea514",
    "https://esm.sh/v132/@chakra-ui/select@2.1.1/denonext/select.mjs": "2f83c1476aa937bb628e5ddfccbec0b1c8dbfcc8d4404a4893cbabfba9376fe1",
    "https://esm.sh/v132/@chakra-ui/shared-utils@2.0.5/denonext/shared-utils.mjs": "f825551bc6e4dab1f52a0f9cc06b6dd568c8711b77ce8b4d7ef07651ab001504",
    "https://esm.sh/v132/@chakra-ui/skeleton@2.1.0/denonext/skeleton.mjs": "165860a39a8e7270388928640845d5f7d322938f0011cd0e6038830d4de87c60",
    "https://esm.sh/v132/@chakra-ui/skip-nav@2.1.0/denonext/skip-nav.mjs": "20a8d56fde928b82ccf48b14702411c3994e9c168e94d0e7bcdddc02b808b118",
    "https://esm.sh/v132/@chakra-ui/slider@2.1.0/denonext/slider.mjs": "c265ad77bc08307f1b4a03e464819374f542e0af0d6e9daff3ef0216a21324f5",
    "https://esm.sh/v132/@chakra-ui/spinner@2.1.0/denonext/spinner.mjs": "0fc6ca9b6bd76173d2af8e611a5ba8e0074dd7d01b02560ade39db6d9ddf9e11",
    "https://esm.sh/v132/@chakra-ui/stat@2.1.1/denonext/stat.mjs": "7e4f608604bd2c6738fcbfcd5262d3e61db0a7c1c13ec396c0d3e351ab9c0ffb",
    "https://esm.sh/v132/@chakra-ui/stepper@2.3.1/denonext/stepper.mjs": "f376da8deddcb31574b17a1bbf213e6081ea995a2fe77d42500ca51038011f2a",
    "https://esm.sh/v132/@chakra-ui/styled-system@2.9.1/denonext/styled-system.mjs": "4c63d7e753e83ac409b4090bcf735d82498c1fb43e29175611436156564281b2",
    "https://esm.sh/v132/@chakra-ui/switch@2.1.1/denonext/switch.mjs": "0809d3e8bf8e6d39ce4b9fa5c2b35aa1890f4395b64352b51399d2c482d504bd",
    "https://esm.sh/v132/@chakra-ui/system@2.6.0/denonext/system.mjs": "80796e59e2d46b9c9e4af17df1a9b0cd8bc799a5b99b86f38afcaaf6f80f8f97",
    "https://esm.sh/v132/@chakra-ui/system@2.6.1/denonext/system.mjs": "225887d707780009edcf49742f401f6721daf45cb7d0ddc324083e58e8971914",
    "https://esm.sh/v132/@chakra-ui/table@2.1.0/denonext/table.mjs": "f7e65bb1f3d7a558b91a6d89c4cb3e5f98698da8328d75faac45500425719218",
    "https://esm.sh/v132/@chakra-ui/tabs@3.0.0/denonext/tabs.mjs": "0a01e9b41b3e54212825d0f20e0f4c3b22389d678e54e3cda848c27a8d7d44cd",
    "https://esm.sh/v132/@chakra-ui/tag@3.1.1/denonext/tag.mjs": "d1af4da47fda07eeef55b279da618f35ac6de1158db6a2a66a81e6448514b11f",
    "https://esm.sh/v132/@chakra-ui/textarea@2.1.1/denonext/textarea.mjs": "0cd4439a975d061910c357363a6ecef3290abb2a65c93cd223e05034e929f74d",
    "https://esm.sh/v132/@chakra-ui/theme-tools@2.1.0/denonext/theme-tools.mjs": "f8c95419f15bba9f89e32620590aba671b5ab94b3ce35547e9b1008b95ee7f77",
    "https://esm.sh/v132/@chakra-ui/theme-tools@2.1.1/denonext/theme-tools.mjs": "e8c4aca8edec4b392c4e63797a45bc43df5dea16be020404fde4de5bf196b087",
    "https://esm.sh/v132/@chakra-ui/theme-utils@2.0.19/denonext/theme-utils.mjs": "7b88b4b159a459d9fa2b0d839c72206f1bf057fbbae924e2a504708f51ba513d",
    "https://esm.sh/v132/@chakra-ui/theme-utils@2.0.20/denonext/theme-utils.mjs": "a95a3f039cca7eaed8db605e390e14e40b63ac0fdc920d6081dc6cdf5131bdfa",
    "https://esm.sh/v132/@chakra-ui/theme@3.2.0/denonext/theme.mjs": "7321b115961ca6f5da33d77b6a112a7ea0988ebb1042c3eca5fd4f364ac23f9a",
    "https://esm.sh/v132/@chakra-ui/theme@3.3.0/denonext/theme.mjs": "41c48d6eaeb8ea498417b7c9a320ae344a1f933347b87a6d3ec3072a557f7abd",
    "https://esm.sh/v132/@chakra-ui/toast@7.0.1/denonext/toast.mjs": "74a54176ddd67b7f31dceaf3b5091202993b98c08249081d61158d50fee98103",
    "https://esm.sh/v132/@chakra-ui/tooltip@2.3.0/denonext/tooltip.mjs": "21b82213b2fd01b0c5413f056076e1a71ad55626f176aa0ac85cddc627014a68",
    "https://esm.sh/v132/@chakra-ui/transition@2.1.0/denonext/transition.mjs": "7e92833fbf16ff8791cdf6b4d209df8f93f4dea1bba678bb0a35cf8b94c826ad",
    "https://esm.sh/v132/@chakra-ui/utils@2.0.15/denonext/utils.mjs": "a66ba7a333b925e0ef1a96db2807929f540ad835e92c2358671fb33dc997add6",
    "https://esm.sh/v132/@chakra-ui/visually-hidden@2.2.0/denonext/visually-hidden.mjs": "7b11c777ce3f20b75b12c7bedf7ec3259656453e2b956700c532e98a221376d6",
    "https://esm.sh/v132/@emotion/cache@11.11.0/denonext/cache.mjs": "5e92d77d765656d64b5e9bbe57b2c87b796a93c6ba798473c70eaab2bb7c1ad9",
    "https://esm.sh/v132/@emotion/hash@0.9.1/denonext/hash.mjs": "053b2641767105d296dd83499c10299221f68e4e09d2394bdd53db0080a7ce7d",
    "https://esm.sh/v132/@emotion/is-prop-valid@0.8.8/denonext/is-prop-valid.mjs": "6f778c6fe1f87d978bf9b52732cf1cb494e32d2449df48b43c03c783d8db45e8",
    "https://esm.sh/v132/@emotion/is-prop-valid@1.2.1/denonext/is-prop-valid.mjs": "c86dd618dac97da46792d1ef9a2822df38577f64d5fe7bf6ad3154ef21a7da79",
    "https://esm.sh/v132/@emotion/memoize@0.7.4/denonext/memoize.mjs": "6277382492af7adec3e8a7fb3534c5d6b8ea805dd955b63c17f7c871cb2f7661",
    "https://esm.sh/v132/@emotion/memoize@0.8.1/denonext/memoize.mjs": "e40cb7a1d1dabc5a5873911b1f3551571e85b9401028540fea356a671a4d7e4f",
    "https://esm.sh/v132/@emotion/react@11.11.1/denonext/react.mjs": "31e47a14e3d84ccbfa6b15c8a846fe987319307ade7a855ab5329a47152877fe",
    "https://esm.sh/v132/@emotion/serialize@1.1.2/denonext/serialize.mjs": "82e2838f8d9c62359adf5cdcce3a571ab9c8161bd7922b921ac79f091ca6e546",
    "https://esm.sh/v132/@emotion/sheet@1.2.2/denonext/sheet.mjs": "7c7bff0c59a399c3f13e903c7ca41cc7a97c1e2ada8e9b9c3cafe0eba464096d",
    "https://esm.sh/v132/@emotion/styled@11.11.0/denonext/styled.mjs": "8a4ad85d7ceda5ae724bf9474d61a266b5becd29e381ba60352da8060cca1f1e",
    "https://esm.sh/v132/@emotion/unitless@0.8.1/denonext/unitless.mjs": "8a91ddf8c10553143e87b383d23d9334637f36cccb930d7d65990f8002a6c091",
    "https://esm.sh/v132/@emotion/use-insertion-effect-with-fallbacks@1.0.1/denonext/use-insertion-effect-with-fallbacks.mjs": "0587bd1c5ce2af35fdaa4c388a3c98d7fa6b091e03d9a49ee297b6b4b942d5b2",
    "https://esm.sh/v132/@emotion/utils@1.2.1/denonext/utils.mjs": "5f6e36b10f6dd17b64c30a1b49079d5d024cff498e7900e6468b8ee93342004c",
    "https://esm.sh/v132/@emotion/weak-memoize@0.3.1/denonext/weak-memoize.mjs": "05e059e6f679168e597ee6b0dace8503031f54678460fc5f366025f40199e18e",
    "https://esm.sh/v132/@popperjs/core@2.11.8/denonext/core.mjs": "ca2fd8d4f07c3dcaf9d5ed1dbe47605246bd231f12df92caa3c78290bd0c8a21",
    "https://esm.sh/v132/@zag-js/dom-query@0.16.0/denonext/dom-query.mjs": "65d7c274c146fe82b65fbc2416f1fc9649e0e259298ef1810579d37f4c793017",
    "https://esm.sh/v132/@zag-js/element-size@0.10.5/denonext/element-size.mjs": "f9b5ecc0035643c92b5d33bb7d003b0abda92214aacf3ae2c4ab6dd254a4ceec",
    "https://esm.sh/v132/@zag-js/focus-visible@0.16.0/denonext/focus-visible.mjs": "3c5206aec45c88c32e84300f0cdf2f7643ae36e473051f4e26b1d3e9826e738f",
    "https://esm.sh/v132/aria-hidden@1.2.3/denonext/aria-hidden.mjs": "38731b27604507797b5525daa9576f9e87b2aa2bbb79c6c8234a4cadceea07cd",
    "https://esm.sh/v132/color2k@2.0.2/denonext/color2k.mjs": "04b7f0841329412b7cf14103d9854f317b96b1eb2e37f59dc7242d9ffd0fce3d",
    "https://esm.sh/v132/copy-to-clipboard@3.3.3/denonext/copy-to-clipboard.mjs": "07755dd1dc3cdea57b60893004fd795fb5cccf0e98f6a0f213bc6a3c64445765",
    "https://esm.sh/v132/css-box-model@1.2.1/denonext/css-box-model.mjs": "695fcdf3c23d20b7b36dc6105a113bb345e92bfe008329b68fec76d0290a43ac",
    "https://esm.sh/v132/detect-node-es@1.1.0/denonext/detect-node-es.mjs": "aafa097a5b74788a9c5012d1f64014085329b495df71bef3c38887a8048932a4",
    "https://esm.sh/v132/focus-lock@0.11.6/denonext/constants.js": "f1a227aed07669bed81d9144f75dd9374b424a0472aa92e629a4fb6eacace43e",
    "https://esm.sh/v132/focus-lock@0.11.6/denonext/focus-lock.mjs": "4c7ede7b7a93dd7ec37c0ffd201945881981801cb5ac434f68f5e2ce64a09a72",
    "https://esm.sh/v132/framer-motion@10.16.4/denonext/framer-motion.mjs": "8d40219d5c0682e1a72f94ff2ea06e72365241657c23bc59ea3ef24069e4ea0b",
    "https://esm.sh/v132/framesync@6.1.2/denonext/framesync.mjs": "e86c35a56059000a3bd0d732bb8bed287d9fbcf398c4472c3b4aa73d9ff8505c",
    "https://esm.sh/v132/get-nonce@1.0.1/denonext/get-nonce.mjs": "0c8e525925a170d669a8d39caa0c70cd005b630bc32410d88d04796ac9ffc7b5",
    "https://esm.sh/v132/hoist-non-react-statics@3.3.2/denonext/hoist-non-react-statics.mjs": "732381510ef8ab32543e014ec72f168f02d38938433c4c522b4d9868f60a45c5",
    "https://esm.sh/v132/lodash.mergewith@4.6.2/denonext/lodash.mergewith.mjs": "52982e0ac0db3be57b8e72cfbe69eb5cd3cb132a68eb2731ebdb89dd5596993e",
    "https://esm.sh/v132/react-clientside-effect@1.2.6/denonext/react-clientside-effect.mjs": "50412ea4e7d743e2ad738ca0f01f7adac9926181ee25594fd8769d0b0e07a573",
    "https://esm.sh/v132/react-dom@18.2.0/client": "86044c4b602dfd078eedf7af27df18fce7d304bf9948d6e0f2795057f6669348",
    "https://esm.sh/v132/react-dom@18.2.0/denonext/client.js": "d5d20a8b100e090f3701bc4a8856a681e4b2acd74fbf734aa272217b5384c8b2",
    "https://esm.sh/v132/react-dom@18.2.0/denonext/react-dom.mjs": "90fb18bf37c6242aa1dad3524b42ce76efc8f117f35c060c1b246f62aa3a2988",
    "https://esm.sh/v132/react-fast-compare@3.2.1/denonext/react-fast-compare.mjs": "1b686a954c0a653027667e8d2f3414ce84c6d81fd359c383eec1a8c8e2cbeded",
    "https://esm.sh/v132/react-fast-compare@3.2.2/denonext/react-fast-compare.mjs": "a209b1b9f140bab2f35e4d4e97ccdde0c9ab8de6f61a55186748aec7a2b8f68c",
    "https://esm.sh/v132/react-focus-lock@2.9.5/denonext/react-focus-lock.mjs": "4a7c0df23aaca801998f88a380b1b4935264af3fedada957abd860abd961b54a",
    "https://esm.sh/v132/react-is@16.13.1/denonext/react-is.mjs": "4fc2bb5cfecb53c0f28cd7b730101ff83c05ca06fdd373bc2d6a9bdf662f96d4",
    "https://esm.sh/v132/react-remove-scroll-bar@2.3.4/denonext/constants.js": "d7f3d49cfd66f95f13eddccf03f94b5197e743cabbd6781b1701ccca5a78e41f",
    "https://esm.sh/v132/react-remove-scroll-bar@2.3.4/denonext/react-remove-scroll-bar.mjs": "8fb0899359376404f9379ba810b3f9a1902465a58ea43e98d22471b55a1f700c",
    "https://esm.sh/v132/react-remove-scroll@2.5.6/denonext/react-remove-scroll.mjs": "270bf8d63d7ccbf207559b690c53654c8f6cdbba34e27e24f2155b5da614865b",
    "https://esm.sh/v132/react-style-singleton@2.2.1/denonext/react-style-singleton.mjs": "5c5ce6b5e28d604da78ed55da11d2999004dbf9182fe67dd0f5b5063c1e88fd1",
    "https://esm.sh/v132/react@18.2.0": "04ad7dc6d11fa27b24c136686a334ecdd19e972fae627cd98cbdc13cdac238c2",
    "https://esm.sh/v132/react@18.2.0/jsx-runtime": "aa011b336e339e6eaacc89787e7e3d6eb726b3701d9f8ac7fcd01db1595357cb",
    "https://esm.sh/v132/scheduler@0.23.0/denonext/scheduler.mjs": "cdbc6d2823e2c6fffcb14501146ff2602a38c48d3c9dd9268f308e833ede2b49",
    "https://esm.sh/v132/stylis@4.2.0/denonext/stylis.mjs": "21dd91d4c7766307f6821cab35c798dec8d87b8212c37d82a4897b6e3405b96d",
    "https://esm.sh/v132/tiny-invariant@1.3.1/denonext/tiny-invariant.mjs": "4dc7116cab48c407dcdbd48b9ed55bbe99cbc0921df1e5bc74f02db9a62a722a",
    "https://esm.sh/v132/toggle-selection@1.0.6/denonext/toggle-selection.mjs": "a9a37c49f8c5394275074d88cb5fff3997655b06211e59ccbf178755ad7c9656",
    "https://esm.sh/v132/tslib@2.6.2/denonext/tslib.mjs": "29782bcd3139f77ec063dc5a9385c0fff4a8d0a23b6765c73d9edeb169a04bf1",
    "https://esm.sh/v132/use-callback-ref@1.3.0/denonext/use-callback-ref.mjs": "9893557f1fd4ac6bb5d65dcfd7377e7368a926ae66a902857d82318b3f7d9543",
    "https://esm.sh/v132/use-sidecar@1.1.2/denonext/use-sidecar.mjs": "cbe59efaeb9537a8c5218a1f68890970d1565e27310e92d7c87b70b52c4b9b22"
  }
}
