{
  "version": "3",
  "redirects": {
    "https://esm.sh/v128/@types/react@~18.2/index.d.ts": "https://esm.sh/v128/@types/react@18.2.21/index.d.ts",
    "https://esm.sh/v132/@types/react-dom@~18.2/client~.d.ts": "https://esm.sh/v132/@types/react-dom@18.2.7/client~.d.ts"
  },
  "remote": {
    "https://deno.land/std@0.180.0/async/abortable.ts": "73acfb3ed7261ce0d930dbe89e43db8d34e017b063cf0eaa7d215477bf53442e",
    "https://deno.land/std@0.180.0/async/deadline.ts": "c5facb0b404eede83e38bd2717ea8ab34faa2ffb20ef87fd261fcba32ba307aa",
    "https://deno.land/std@0.180.0/async/debounce.ts": "adab11d04ca38d699444ac8a9d9856b4155e8dda2afd07ce78276c01ea5a4332",
    "https://deno.land/std@0.180.0/async/deferred.ts": "42790112f36a75a57db4a96d33974a936deb7b04d25c6084a9fa8a49f135def8",
    "https://deno.land/std@0.180.0/async/delay.ts": "73aa04cec034c84fc748c7be49bb15cac3dd43a57174bfdb7a4aec22c248f0dd",
    "https://deno.land/std@0.180.0/async/mod.ts": "f04344fa21738e5ad6bea37a6bfffd57c617c2d372bb9f9dcfd118a1b622e576",
    "https://deno.land/std@0.180.0/async/mux_async_iterator.ts": "70c7f2ee4e9466161350473ad61cac0b9f115cff4c552eaa7ef9d50c4cbb4cc9",
    "https://deno.land/std@0.180.0/async/pool.ts": "fd082bd4aaf26445909889435a5c74334c017847842ec035739b4ae637ae8260",
    "https://deno.land/std@0.180.0/async/retry.ts": "5efa3ba450ac0c07a40a82e2df296287b5013755d232049efd7ea2244f15b20f",
    "https://deno.land/std@0.180.0/async/tee.ts": "47e42d35f622650b02234d43803d0383a89eb4387e1b83b5a40106d18ae36757",
    "https://deno.land/std@0.180.0/http/server.ts": "cbb17b594651215ba95c01a395700684e569c165a567e4e04bba327f41197433",
    "https://deno.land/x/aleph@1.0.0-beta.44/framework/core/error.ts": "65b0dfaef2e8a77f857fdb6b953c4306d88af01690615bd8fb1a3570e336b255",
    "https://deno.land/x/aleph@1.0.0-beta.44/framework/core/events.ts": "d1d3d6a41a85bcaba8b624646c199736f5995108e3ac87d159e78832ea51efbd",
    "https://deno.land/x/aleph@1.0.0-beta.44/framework/core/redirect.ts": "b65f0cafdca115b41e6e1499e420655ea55d1f3c140e0784d640de59e3606185",
    "https://deno.land/x/aleph@1.0.0-beta.44/framework/core/router.ts": "cb5c1f3ed0d25578d4ec26491e5554992af5b7765ee5852a390b3785085f52d0",
    "https://deno.land/x/aleph@1.0.0-beta.44/framework/core/url_pattern.ts": "d218c6fe81646adb0dc164b7515a4eff959f4b64b975bfc2ee7696cb0864a3a3",
    "https://deno.land/x/aleph@1.0.0-beta.44/framework/react/client.ts": "f4ca7bc5b6f18faa4faae864cbd1b27cc000474f830d3066fe0f38e7823c5e92",
    "https://deno.land/x/aleph@1.0.0-beta.44/framework/react/context.ts": "ca3efebc3f1db76725969d8178e405e635c2825665b9b8573133c4ed63f3e2a4",
    "https://deno.land/x/aleph@1.0.0-beta.44/framework/react/data.ts": "4987ca0fc9fae3cbb61982c9136f2658173bd7971f7dcbc7e881a4b62d71e701",
    "https://deno.land/x/aleph@1.0.0-beta.44/framework/react/error.ts": "b5c784b1a3fac7d550b82780dd5ba4ff8d64a1293559ec7ec702e2905a4915a2",
    "https://deno.land/x/aleph@1.0.0-beta.44/framework/react/head.ts": "0bb40ded9a5e83371c6d43f6e3ecb6b506ce9b2eb9e2b13d6a4a86f62f269efa",
    "https://deno.land/x/aleph@1.0.0-beta.44/framework/react/link.ts": "d31aaff82526fb760b46e17212e07632398660a38d18fd82dec97baf533e709e",
    "https://deno.land/x/aleph@1.0.0-beta.44/framework/react/mod.ts": "8ae50b9efe8c0c6e9e4e076e3c5bd428c4c1e6645ff4c57e35935abdfa2266f4",
    "https://deno.land/x/aleph@1.0.0-beta.44/framework/react/portal.ts": "57bffcf10ad1d1badc5ece9a1859ecbe2d22c4ddc86519d3e2e067c114ec436f",
    "https://deno.land/x/aleph@1.0.0-beta.44/framework/react/router.ts": "52c7cfb8020fafb3ce7c0855c76243870b8ce21d609ee7007e2a95ca32f0d859",
    "https://deno.land/x/aleph@1.0.0-beta.44/server/types.ts": "0d64e8aaa533e2d77b50d9c54def6ba0d995c10025574e681bc03482881c3e61",
    "https://deno.land/x/aleph@1.0.0-beta.44/shared/util.ts": "05b9c60ccb2216150f049615d185cc4a0bdd54829820a5ddc6f82641b4d4ff4f",
    "https://deno.land/x/aleph@1.0.0-beta.44/version.ts": "c735281d072759e60019fba2cb923e860e496c76998e9131ac4c8b5ea2694fd8",
    "https://esm.sh/stable/react@18.2.0/denonext/react.mjs": "3c4f23bcfc53b256fcfaf6f834fa9f584c3bb7be667b2682c6cb6ba8ef88f8e6",
    "https://esm.sh/v126/mitt@3.0.0": "41ca510c85d0aaee3ab7c09273a4f394afff976a14398c1611037b82c24e0a21",
    "https://esm.sh/v126/mitt@3.0.0/denonext/mitt.mjs": "4afe21572fb471e15f6a9b7f139bcd12fdbc2e730e0f3e15eadb7d19e18a12f8",
    "https://esm.sh/v132/react-dom@18.2.0/client": "86044c4b602dfd078eedf7af27df18fce7d304bf9948d6e0f2795057f6669348",
    "https://esm.sh/v132/react-dom@18.2.0/denonext/client.js": "d5d20a8b100e090f3701bc4a8856a681e4b2acd74fbf734aa272217b5384c8b2",
    "https://esm.sh/v132/react-dom@18.2.0/denonext/react-dom.mjs": "90fb18bf37c6242aa1dad3524b42ce76efc8f117f35c060c1b246f62aa3a2988",
    "https://esm.sh/v132/react@18.2.0": "04ad7dc6d11fa27b24c136686a334ecdd19e972fae627cd98cbdc13cdac238c2",
    "https://esm.sh/v132/scheduler@0.23.0/denonext/scheduler.mjs": "cdbc6d2823e2c6fffcb14501146ff2602a38c48d3c9dd9268f308e833ede2b49"
  }
}
